
Microsoft Visual Studio Solution File, Format Version 12.00
# Visual Studio Version 17
VisualStudioVersion = 17.1.32328.378
MinimumVisualStudioVersion = 10.0.40219.1
Project("{9A19103F-16F7-4668-BE54-9A1E7A4F7556}") = "BlackJackMVC", "BlackJackMVC.csproj", "{F7783C37-09D7-4E00-935D-42DB50DBA15D}"
EndProject
Project("{FAE04EC0-301F-11D3-BF4B-00C04F79EFBC}") = "BlackJack.UnitTests", "..\BlackJack.UnitTests\BlackJack.UnitTests.csproj", "{7B7692EA-546F-4909-89ED-5BC61C4C5BDF}"
EndProject
Global
	GlobalSection(SolutionConfigurationPlatforms) = preSolution
		Debug|Any CPU = Debug|Any CPU
		Release|Any CPU = Release|Any CPU
	EndGlobalSection
	GlobalSection(ProjectConfigurationPlatforms) = postSolution
		{F7783C37-09D7-4E00-935D-42DB50DBA15D}.Debug|Any CPU.ActiveCfg = Debug|Any CPU
		{F7783C37-09D7-4E00-935D-42DB50DBA15D}.Debug|Any CPU.Build.0 = Debug|Any CPU
		{F7783C37-09D7-4E00-935D-42DB50DBA15D}.Release|Any CPU.ActiveCfg = Release|Any CPU
		{F7783C37-09D7-4E00-935D-42DB50DBA15D}.Release|Any CPU.Build.0 = Release|Any CPU
		{7B7692EA-546F-4909-89ED-5BC61C4C5BDF}.Debug|Any CPU.ActiveCfg = Debug|Any CPU
		{7B7692EA-546F-4909-89ED-5BC61C4C5BDF}.Debug|Any CPU.Build.0 = Debug|Any CPU
		{7B7692EA-546F-4909-89ED-5BC61C4C5BDF}.Release|Any CPU.ActiveCfg = Release|Any CPU
		{7B7692EA-546F-4909-89ED-5BC61C4C5BDF}.Release|Any CPU.Build.0 = Release|Any CPU
	EndGlobalSection
	GlobalSection(SolutionProperties) = preSolution
		HideSolutionNode = FALSE
	EndGlobalSection
	GlobalSection(ExtensibilityGlobals) = postSolution
		SolutionGuid = {B52A7392-EE53-4BD1-9605-4C365F2465B7}
	EndGlobalSection
EndGlobal
